
Microsoft Visual Studio Solution File, Format Version 12.00
# Visual Studio 15
VisualStudioVersion = 15.0.27703.2042
MinimumVisualStudioVersion = 10.0.40219.1
Project("{FAE04EC0-301F-11D3-BF4B-00C04F79EFBC}") = "CastleServer", "CastleServer\CastleServer.csproj", "{1390DD7F-6865-4E8B-87D4-88D1BCBCED54}"
EndProject
Global
	GlobalSection(SolutionConfigurationPlatforms) = preSolution
		Debug|Any CPU = Debug|Any CPU
		Release|Any CPU = Release|Any CPU
	EndGlobalSection
	GlobalSection(ProjectConfigurationPlatforms) = postSolution
		{1390DD7F-6865-4E8B-87D4-88D1BCBCED54}.Debug|Any CPU.ActiveCfg = Debug|Any CPU
		{1390DD7F-6865-4E8B-87D4-88D1BCBCED54}.Debug|Any CPU.Build.0 = Debug|Any CPU
		{1390DD7F-6865-4E8B-87D4-88D1BCBCED54}.Release|Any CPU.ActiveCfg = Release|Any CPU
		{1390DD7F-6865-4E8B-87D4-88D1BCBCED54}.Release|Any CPU.Build.0 = Release|Any CPU
	EndGlobalSection
	GlobalSection(SolutionProperties) = preSolution
		HideSolutionNode = FALSE
	EndGlobalSection
	GlobalSection(ExtensibilityGlobals) = postSolution
		SolutionGuid = {B4E8080B-5E65-45FB-A79C-E98DC5B01F41}
	EndGlobalSection
EndGlobal
